schema: '2.0'
stages:
  collect_data:
    cmd:
    - python ml/src/collect_data.py --chunk y --params pipelines/type_b/y/params.yaml
    deps:
    - path: ml/src/collect_data.py
      hash: md5
      md5: 8b061705e5cd55a6ec31b28028eb2c95
      size: 1242
    params:
      pipelines/type_b/y/params.yaml:
        base:
          division: y
          ml_dir: ml
          data_dir: data/type_b
          model_dir: models/type_b
    outs:
    - path: data/type_b/y/raw/data.csv
      hash: md5
      md5: 17c5cd9411484cb924ac3951a9d22bf7
      size: 8035
  process_data:
    cmd: python ml/src/process_data.py --chunk y --params pipelines/type_b/y/params.yaml
    deps:
    - path: data/type_b/y/raw/data.csv
      hash: md5
      md5: 17c5cd9411484cb924ac3951a9d22bf7
      size: 8035
    - path: ml/src/process_data.py
      hash: md5
      md5: 0224b4594c57b1600cf0ae5099811b2c
      size: 938
    params:
      pipelines/type_b/y/params.yaml:
        base:
          division: y
          ml_dir: ml
          data_dir: data/type_b
          model_dir: models/type_b
    outs:
    - path: data/type_b/y/processed/data.csv
      hash: md5
      md5: 17c5cd9411484cb924ac3951a9d22bf7
      size: 8035
  train:
    cmd: python ml/src/train.py --type type_b --chunk y --params pipelines/type_b/y/params.yaml
    deps:
    - path: data/type_b/y/processed/data.csv
      hash: md5
      md5: 17c5cd9411484cb924ac3951a9d22bf7
      size: 8035
    - path: ml/src/train.py
      hash: md5
      md5: 1b3b08ef46b2a0de0fbe2d92bc75e8d9
      size: 1061
    params:
      pipelines/type_b/y/params.yaml:
        base:
          division: y
          ml_dir: ml
          data_dir: data/type_b
          model_dir: models/type_b
    outs:
    - path: models/type_b/type_b_y.file
      hash: md5
      md5: 28d036d28e0a76e484616f9dd3497b3f
      size: 7551
