schema: '2.0'
stages:
  collect_data:
    cmd: python ml/src/collect_data.py --chunk X --params pipelines/type_a/X/params.yaml
    deps:
    - path: ml/src/collect_data.py
      hash: md5
      md5: 2c526bfb9957f5deb7effe0014ae8b38
      size: 1159
    params:
      pipelines/type_a/X/params.yaml:
        base:
          ml_dir: ml
          data_dir: data
          model_dir: models
    outs:
    - path: data/raw/data.csv
      hash: md5
      md5: a6964a5c03b681a8c5c6a271d8262506
      size: 5799
  process_data:
    cmd: python ml/src/process_data.py --chunk X --params pipelines/type_a/X/params.yaml
    deps:
    - path: data/raw/data.csv
      hash: md5
      md5: a6964a5c03b681a8c5c6a271d8262506
      size: 5799
    - path: ml/src/process_data.py
      hash: md5
      md5: 555997f839b15e3c63b0a0d30259c576
      size: 819
    params:
      pipelines/type_a/X/params.yaml:
        base:
          ml_dir: ml
          data_dir: data
          model_dir: models
    outs:
    - path: data/processed/data.csv
      hash: md5
      md5: 5e6d8790fe23846886e0faa7dd1763db
      size: 1509
  train:
    cmd: python ml/src/train.py --type type_a --chunk X --params pipelines/type_a/X/params.yaml
    deps:
    - path: data/processed/data.csv
      hash: md5
      md5: 5e6d8790fe23846886e0faa7dd1763db
      size: 1509
    - path: ml/src/train.py
      hash: md5
      md5: 901f4842f49421a82e6ef0f579774b9b
      size: 973
    params:
      pipelines/type_a/X/params.yaml:
        base:
          ml_dir: ml
          data_dir: data
          model_dir: models
    outs:
    - path: models/type_a_x.file
      hash: md5
      md5: 569fed0807860194f3124140a6a665b7
      size: 1417
