schema: '2.0'
stages:
  collect_data:
    cmd:
    - python ml/src/collect_data.py --chunk z --params pipelines/type_b/z/params.yaml
    deps:
    - path: ml/src/collect_data.py
      hash: md5
      md5: 8b061705e5cd55a6ec31b28028eb2c95
      size: 1242
    params:
      pipelines/type_b/z/params.yaml:
        base:
          division: z
          ml_dir: ml
          data_dir: data/type_b
          model_dir: models/type_b
    outs:
    - path: data/type_b/z/raw/data.csv
      hash: md5
      md5: ad8b87080af5098dd9db64d9ef4d209a
      size: 8083
  process_data:
    cmd: python ml/src/process_data.py --chunk z --params pipelines/type_b/z/params.yaml
    deps:
    - path: data/type_b/z/raw/data.csv
      hash: md5
      md5: ad8b87080af5098dd9db64d9ef4d209a
      size: 8083
    - path: ml/src/process_data.py
      hash: md5
      md5: 0224b4594c57b1600cf0ae5099811b2c
      size: 938
    params:
      pipelines/type_b/z/params.yaml:
        base:
          division: z
          ml_dir: ml
          data_dir: data/type_b
          model_dir: models/type_b
    outs:
    - path: data/type_b/z/processed/data.csv
      hash: md5
      md5: ad8b87080af5098dd9db64d9ef4d209a
      size: 8083
  train:
    cmd: python ml/src/train.py --type type_b --chunk z --params pipelines/type_b/z/params.yaml
    deps:
    - path: data/type_b/z/processed/data.csv
      hash: md5
      md5: ad8b87080af5098dd9db64d9ef4d209a
      size: 8083
    - path: ml/src/train.py
      hash: md5
      md5: 1b3b08ef46b2a0de0fbe2d92bc75e8d9
      size: 1061
    params:
      pipelines/type_b/z/params.yaml:
        base:
          division: z
          ml_dir: ml
          data_dir: data/type_b
          model_dir: models/type_b
    outs:
    - path: models/type_b/type_b_z.file
      hash: md5
      md5: ad618e5be85aff4b1080aa8c9298bf6b
      size: 7595
